
Microsoft Visual Studio Solution File, Format Version 12.00
# Visual Studio Version 17
VisualStudioVersion = 17.3.32901.215
MinimumVisualStudioVersion = 10.0.40219.1
Project("{FAE04EC0-301F-11D3-BF4B-00C04F79EFBC}") = "Krestiki_Noliki", "Krestiki_Noliki\Krestiki_Noliki.csproj", "{C3A2E453-ADC8-40C6-BE9D-5A1B2CF23276}"
EndProject
Global
	GlobalSection(SolutionConfigurationPlatforms) = preSolution
		Debug|Any CPU = Debug|Any CPU
		Release|Any CPU = Release|Any CPU
	EndGlobalSection
	GlobalSection(ProjectConfigurationPlatforms) = postSolution
		{C3A2E453-ADC8-40C6-BE9D-5A1B2CF23276}.Debug|Any CPU.ActiveCfg = Debug|Any CPU
		{C3A2E453-ADC8-40C6-BE9D-5A1B2CF23276}.Debug|Any CPU.Build.0 = Debug|Any CPU
		{C3A2E453-ADC8-40C6-BE9D-5A1B2CF23276}.Release|Any CPU.ActiveCfg = Release|Any CPU
		{C3A2E453-ADC8-40C6-BE9D-5A1B2CF23276}.Release|Any CPU.Build.0 = Release|Any CPU
	EndGlobalSection
	GlobalSection(SolutionProperties) = preSolution
		HideSolutionNode = FALSE
	EndGlobalSection
	GlobalSection(ExtensibilityGlobals) = postSolution
		SolutionGuid = {5A706737-8880-40FA-A606-3BE4EEA2D70E}
	EndGlobalSection
EndGlobal
